
Microsoft Visual Studio Solution File, Format Version 12.00
# Visual Studio 15
Project("{FAE04EC0-301F-11D3-BF4B-00C04F79EFBC}") = "Assembly-CSharp", "Assembly-CSharp.csproj", "{7AECC30A-7B23-F7F7-D273-737F52B4F2CC}"
EndProject
Project("{FAE04EC0-301F-11D3-BF4B-00C04F79EFBC}") = "Assembly-CSharp-Editor", "Assembly-CSharp-Editor.csproj", "{BA472E04-2C49-876C-FDD1-B3F1B090F633}"
EndProject
Project("{FAE04EC0-301F-11D3-BF4B-00C04F79EFBC}") = "Assembly-CSharp", "Assembly-CSharp.Player.csproj", "{6D894682-E0C3-F05F-6A32-48F58B086892}"
EndProject
Global
	GlobalSection(SolutionConfigurationPlatforms) = preSolution
		Debug|Any CPU = Debug|Any CPU
		Release|Any CPU = Release|Any CPU
	EndGlobalSection
	GlobalSection(ProjectConfigurationPlatforms) = postSolution
		{7AECC30A-7B23-F7F7-D273-737F52B4F2CC}.Debug|Any CPU.ActiveCfg = Debug|Any CPU
		{7AECC30A-7B23-F7F7-D273-737F52B4F2CC}.Debug|Any CPU.Build.0 = Debug|Any CPU
		{7AECC30A-7B23-F7F7-D273-737F52B4F2CC}.Release|Any CPU.ActiveCfg = Release|Any CPU
		{7AECC30A-7B23-F7F7-D273-737F52B4F2CC}.Release|Any CPU.Build.0 = Release|Any CPU
		{BA472E04-2C49-876C-FDD1-B3F1B090F633}.Debug|Any CPU.ActiveCfg = Debug|Any CPU
		{BA472E04-2C49-876C-FDD1-B3F1B090F633}.Debug|Any CPU.Build.0 = Debug|Any CPU
		{BA472E04-2C49-876C-FDD1-B3F1B090F633}.Release|Any CPU.ActiveCfg = Release|Any CPU
		{BA472E04-2C49-876C-FDD1-B3F1B090F633}.Release|Any CPU.Build.0 = Release|Any CPU
		{6D894682-E0C3-F05F-6A32-48F58B086892}.Debug|Any CPU.ActiveCfg = Debug|Any CPU
		{6D894682-E0C3-F05F-6A32-48F58B086892}.Debug|Any CPU.Build.0 = Debug|Any CPU
		{6D894682-E0C3-F05F-6A32-48F58B086892}.Release|Any CPU.ActiveCfg = Release|Any CPU
		{6D894682-E0C3-F05F-6A32-48F58B086892}.Release|Any CPU.Build.0 = Release|Any CPU
	EndGlobalSection
	GlobalSection(SolutionProperties) = preSolution
		HideSolutionNode = FALSE
	EndGlobalSection
EndGlobal
